
Microsoft Visual Studio Solution File, Format Version 12.00
# Visual Studio Version 17
VisualStudioVersion = 17.6.33815.320
MinimumVisualStudioVersion = 10.0.40219.1
Project("{8BC9CEB8-8B4A-11D0-8D11-00A0C91BC942}") = "VoxelGame-Client", "VoxelGame\VoxelGame-Client\VoxelGame-Client.vcxproj", "{487232F7-92E1-43F6-89AE-DF17E2BDCF74}"
EndProject
Project("{8BC9CEB8-8B4A-11D0-8D11-00A0C91BC942}") = "OGLEngine", "OGLEngine\OGLEngine.vcxproj", "{9E9CC5F1-2E1F-4134-92E1-C9A39CCC3032}"
EndProject
Project("{8BC9CEB8-8B4A-11D0-8D11-00A0C91BC942}") = "Interpreter1", "Interpreter1\Interpreter1.vcxproj", "{71DCCF45-1A39-4375-9C7F-37F15B47352B}"
EndProject
Project("{8BC9CEB8-8B4A-11D0-8D11-00A0C91BC942}") = "Networking", "Networking\Networking.vcxproj", "{788C4452-0176-4A06-9C58-E3C245D58C01}"
EndProject
Project("{8BC9CEB8-8B4A-11D0-8D11-00A0C91BC942}") = "ProjectTemplate", "ProjectTemplate\ProjectTemplate.vcxproj", "{20421B4F-2181-4F76-BA08-01490752A918}"
EndProject
Project("{8BC9CEB8-8B4A-11D0-8D11-00A0C91BC942}") = "VoxelGame-Server", "VoxelGame\VoxelGame-Server\VoxelGame-Server.vcxproj", "{1B9296BF-3FE5-4E33-AB4E-37C340A90D61}"
EndProject
Project("{2150E333-8FDC-42A3-9474-1A3956D46DE8}") = "Android", "Android", "{4977EB3F-17FA-4556-9995-ED846150BC96}"
EndProject
Project("{39E2626F-3545-4960-A6E8-258AD8476CE5}") = "AndroidGRADLE", "AndroidGRADLE\AndroidGRADLE.androidproj", "{4B1EE6FE-381F-479C-A033-052736BCFE92}"
EndProject
Project("{2150E333-8FDC-42A3-9474-1A3956D46DE8}") = "VoxelGame", "VoxelGame", "{6C44944D-F93A-4DD2-9E30-AEC17D2B03D6}"
EndProject
Global
	GlobalSection(SolutionConfigurationPlatforms) = preSolution
		Debug|Any CPU = Debug|Any CPU
		Debug|ARM = Debug|ARM
		Debug|ARM64 = Debug|ARM64
		Debug|x64 = Debug|x64
		Debug|x86 = Debug|x86
		Release|Any CPU = Release|Any CPU
		Release|ARM = Release|ARM
		Release|ARM64 = Release|ARM64
		Release|x64 = Release|x64
		Release|x86 = Release|x86
	EndGlobalSection
	GlobalSection(ProjectConfigurationPlatforms) = postSolution
		{487232F7-92E1-43F6-89AE-DF17E2BDCF74}.Debug|Any CPU.ActiveCfg = Debug|x64
		{487232F7-92E1-43F6-89AE-DF17E2BDCF74}.Debug|Any CPU.Build.0 = Debug|x64
		{487232F7-92E1-43F6-89AE-DF17E2BDCF74}.Debug|ARM.ActiveCfg = Debug|x64
		{487232F7-92E1-43F6-89AE-DF17E2BDCF74}.Debug|ARM.Build.0 = Debug|x64
		{487232F7-92E1-43F6-89AE-DF17E2BDCF74}.Debug|ARM64.ActiveCfg = Debug|x64
		{487232F7-92E1-43F6-89AE-DF17E2BDCF74}.Debug|ARM64.Build.0 = Debug|x64
		{487232F7-92E1-43F6-89AE-DF17E2BDCF74}.Debug|x64.ActiveCfg = Debug|x64
		{487232F7-92E1-43F6-89AE-DF17E2BDCF74}.Debug|x64.Build.0 = Debug|x64
		{487232F7-92E1-43F6-89AE-DF17E2BDCF74}.Debug|x86.ActiveCfg = Debug|Win32
		{487232F7-92E1-43F6-89AE-DF17E2BDCF74}.Debug|x86.Build.0 = Debug|Win32
		{487232F7-92E1-43F6-89AE-DF17E2BDCF74}.Release|Any CPU.ActiveCfg = Release|x64
		{487232F7-92E1-43F6-89AE-DF17E2BDCF74}.Release|Any CPU.Build.0 = Release|x64
		{487232F7-92E1-43F6-89AE-DF17E2BDCF74}.Release|ARM.ActiveCfg = Release|x64
		{487232F7-92E1-43F6-89AE-DF17E2BDCF74}.Release|ARM.Build.0 = Release|x64
		{487232F7-92E1-43F6-89AE-DF17E2BDCF74}.Release|ARM64.ActiveCfg = Release|x64
		{487232F7-92E1-43F6-89AE-DF17E2BDCF74}.Release|ARM64.Build.0 = Release|x64
		{487232F7-92E1-43F6-89AE-DF17E2BDCF74}.Release|x64.ActiveCfg = Release|x64
		{487232F7-92E1-43F6-89AE-DF17E2BDCF74}.Release|x64.Build.0 = Release|x64
		{487232F7-92E1-43F6-89AE-DF17E2BDCF74}.Release|x86.ActiveCfg = Release|Win32
		{487232F7-92E1-43F6-89AE-DF17E2BDCF74}.Release|x86.Build.0 = Release|Win32
		{9E9CC5F1-2E1F-4134-92E1-C9A39CCC3032}.Debug|Any CPU.ActiveCfg = Debug|x64
		{9E9CC5F1-2E1F-4134-92E1-C9A39CCC3032}.Debug|Any CPU.Build.0 = Debug|x64
		{9E9CC5F1-2E1F-4134-92E1-C9A39CCC3032}.Debug|ARM.ActiveCfg = Debug|x64
		{9E9CC5F1-2E1F-4134-92E1-C9A39CCC3032}.Debug|ARM.Build.0 = Debug|x64
		{9E9CC5F1-2E1F-4134-92E1-C9A39CCC3032}.Debug|ARM64.ActiveCfg = Debug|x64
		{9E9CC5F1-2E1F-4134-92E1-C9A39CCC3032}.Debug|ARM64.Build.0 = Debug|x64
		{9E9CC5F1-2E1F-4134-92E1-C9A39CCC3032}.Debug|x64.ActiveCfg = Debug|x64
		{9E9CC5F1-2E1F-4134-92E1-C9A39CCC3032}.Debug|x64.Build.0 = Debug|x64
		{9E9CC5F1-2E1F-4134-92E1-C9A39CCC3032}.Debug|x86.ActiveCfg = Debug|Win32
		{9E9CC5F1-2E1F-4134-92E1-C9A39CCC3032}.Debug|x86.Build.0 = Debug|Win32
		{9E9CC5F1-2E1F-4134-92E1-C9A39CCC3032}.Release|Any CPU.ActiveCfg = Release|x64
		{9E9CC5F1-2E1F-4134-92E1-C9A39CCC3032}.Release|Any CPU.Build.0 = Release|x64
		{9E9CC5F1-2E1F-4134-92E1-C9A39CCC3032}.Release|ARM.ActiveCfg = Release|x64
		{9E9CC5F1-2E1F-4134-92E1-C9A39CCC3032}.Release|ARM.Build.0 = Release|x64
		{9E9CC5F1-2E1F-4134-92E1-C9A39CCC3032}.Release|ARM64.ActiveCfg = Release|x64
		{9E9CC5F1-2E1F-4134-92E1-C9A39CCC3032}.Release|ARM64.Build.0 = Release|x64
		{9E9CC5F1-2E1F-4134-92E1-C9A39CCC3032}.Release|x64.ActiveCfg = Release|x64
		{9E9CC5F1-2E1F-4134-92E1-C9A39CCC3032}.Release|x64.Build.0 = Release|x64
		{9E9CC5F1-2E1F-4134-92E1-C9A39CCC3032}.Release|x86.ActiveCfg = Release|Win32
		{9E9CC5F1-2E1F-4134-92E1-C9A39CCC3032}.Release|x86.Build.0 = Release|Win32
		{71DCCF45-1A39-4375-9C7F-37F15B47352B}.Debug|Any CPU.ActiveCfg = Debug|x64
		{71DCCF45-1A39-4375-9C7F-37F15B47352B}.Debug|Any CPU.Build.0 = Debug|x64
		{71DCCF45-1A39-4375-9C7F-37F15B47352B}.Debug|ARM.ActiveCfg = Debug|x64
		{71DCCF45-1A39-4375-9C7F-37F15B47352B}.Debug|ARM.Build.0 = Debug|x64
		{71DCCF45-1A39-4375-9C7F-37F15B47352B}.Debug|ARM64.ActiveCfg = Debug|x64
		{71DCCF45-1A39-4375-9C7F-37F15B47352B}.Debug|ARM64.Build.0 = Debug|x64
		{71DCCF45-1A39-4375-9C7F-37F15B47352B}.Debug|x64.ActiveCfg = Debug|x64
		{71DCCF45-1A39-4375-9C7F-37F15B47352B}.Debug|x64.Build.0 = Debug|x64
		{71DCCF45-1A39-4375-9C7F-37F15B47352B}.Debug|x86.ActiveCfg = Debug|Win32
		{71DCCF45-1A39-4375-9C7F-37F15B47352B}.Debug|x86.Build.0 = Debug|Win32
		{71DCCF45-1A39-4375-9C7F-37F15B47352B}.Release|Any CPU.ActiveCfg = Release|x64
		{71DCCF45-1A39-4375-9C7F-37F15B47352B}.Release|Any CPU.Build.0 = Release|x64
		{71DCCF45-1A39-4375-9C7F-37F15B47352B}.Release|ARM.ActiveCfg = Release|x64
		{71DCCF45-1A39-4375-9C7F-37F15B47352B}.Release|ARM.Build.0 = Release|x64
		{71DCCF45-1A39-4375-9C7F-37F15B47352B}.Release|ARM64.ActiveCfg = Release|x64
		{71DCCF45-1A39-4375-9C7F-37F15B47352B}.Release|ARM64.Build.0 = Release|x64
		{71DCCF45-1A39-4375-9C7F-37F15B47352B}.Release|x64.ActiveCfg = Release|x64
		{71DCCF45-1A39-4375-9C7F-37F15B47352B}.Release|x64.Build.0 = Release|x64
		{71DCCF45-1A39-4375-9C7F-37F15B47352B}.Release|x86.ActiveCfg = Release|Win32
		{71DCCF45-1A39-4375-9C7F-37F15B47352B}.Release|x86.Build.0 = Release|Win32
		{788C4452-0176-4A06-9C58-E3C245D58C01}.Debug|Any CPU.ActiveCfg = Debug|x64
		{788C4452-0176-4A06-9C58-E3C245D58C01}.Debug|Any CPU.Build.0 = Debug|x64
		{788C4452-0176-4A06-9C58-E3C245D58C01}.Debug|ARM.ActiveCfg = Debug|x64
		{788C4452-0176-4A06-9C58-E3C245D58C01}.Debug|ARM.Build.0 = Debug|x64
		{788C4452-0176-4A06-9C58-E3C245D58C01}.Debug|ARM64.ActiveCfg = Debug|x64
		{788C4452-0176-4A06-9C58-E3C245D58C01}.Debug|ARM64.Build.0 = Debug|x64
		{788C4452-0176-4A06-9C58-E3C245D58C01}.Debug|x64.ActiveCfg = Debug|x64
		{788C4452-0176-4A06-9C58-E3C245D58C01}.Debug|x64.Build.0 = Debug|x64
		{788C4452-0176-4A06-9C58-E3C245D58C01}.Debug|x86.ActiveCfg = Debug|Win32
		{788C4452-0176-4A06-9C58-E3C245D58C01}.Debug|x86.Build.0 = Debug|Win32
		{788C4452-0176-4A06-9C58-E3C245D58C01}.Release|Any CPU.ActiveCfg = Release|x64
		{788C4452-0176-4A06-9C58-E3C245D58C01}.Release|Any CPU.Build.0 = Release|x64
		{788C4452-0176-4A06-9C58-E3C245D58C01}.Release|ARM.ActiveCfg = Release|x64
		{788C4452-0176-4A06-9C58-E3C245D58C01}.Release|ARM.Build.0 = Release|x64
		{788C4452-0176-4A06-9C58-E3C245D58C01}.Release|ARM64.ActiveCfg = Release|x64
		{788C4452-0176-4A06-9C58-E3C245D58C01}.Release|ARM64.Build.0 = Release|x64
		{788C4452-0176-4A06-9C58-E3C245D58C01}.Release|x64.ActiveCfg = Release|x64
		{788C4452-0176-4A06-9C58-E3C245D58C01}.Release|x64.Build.0 = Release|x64
		{788C4452-0176-4A06-9C58-E3C245D58C01}.Release|x86.ActiveCfg = Release|Win32
		{788C4452-0176-4A06-9C58-E3C245D58C01}.Release|x86.Build.0 = Release|Win32
		{20421B4F-2181-4F76-BA08-01490752A918}.Debug|Any CPU.ActiveCfg = Debug|x64
		{20421B4F-2181-4F76-BA08-01490752A918}.Debug|Any CPU.Build.0 = Debug|x64
		{20421B4F-2181-4F76-BA08-01490752A918}.Debug|ARM.ActiveCfg = Debug|x64
		{20421B4F-2181-4F76-BA08-01490752A918}.Debug|ARM.Build.0 = Debug|x64
		{20421B4F-2181-4F76-BA08-01490752A918}.Debug|ARM64.ActiveCfg = Debug|x64
		{20421B4F-2181-4F76-BA08-01490752A918}.Debug|ARM64.Build.0 = Debug|x64
		{20421B4F-2181-4F76-BA08-01490752A918}.Debug|x64.ActiveCfg = Debug|x64
		{20421B4F-2181-4F76-BA08-01490752A918}.Debug|x64.Build.0 = Debug|x64
		{20421B4F-2181-4F76-BA08-01490752A918}.Debug|x86.ActiveCfg = Debug|Win32
		{20421B4F-2181-4F76-BA08-01490752A918}.Debug|x86.Build.0 = Debug|Win32
		{20421B4F-2181-4F76-BA08-01490752A918}.Release|Any CPU.ActiveCfg = Release|x64
		{20421B4F-2181-4F76-BA08-01490752A918}.Release|Any CPU.Build.0 = Release|x64
		{20421B4F-2181-4F76-BA08-01490752A918}.Release|ARM.ActiveCfg = Release|x64
		{20421B4F-2181-4F76-BA08-01490752A918}.Release|ARM.Build.0 = Release|x64
		{20421B4F-2181-4F76-BA08-01490752A918}.Release|ARM64.ActiveCfg = Release|x64
		{20421B4F-2181-4F76-BA08-01490752A918}.Release|ARM64.Build.0 = Release|x64
		{20421B4F-2181-4F76-BA08-01490752A918}.Release|x64.ActiveCfg = Release|x64
		{20421B4F-2181-4F76-BA08-01490752A918}.Release|x64.Build.0 = Release|x64
		{20421B4F-2181-4F76-BA08-01490752A918}.Release|x86.ActiveCfg = Release|Win32
		{20421B4F-2181-4F76-BA08-01490752A918}.Release|x86.Build.0 = Release|Win32
		{1B9296BF-3FE5-4E33-AB4E-37C340A90D61}.Debug|Any CPU.ActiveCfg = Debug|x64
		{1B9296BF-3FE5-4E33-AB4E-37C340A90D61}.Debug|Any CPU.Build.0 = Debug|x64
		{1B9296BF-3FE5-4E33-AB4E-37C340A90D61}.Debug|ARM.ActiveCfg = Debug|x64
		{1B9296BF-3FE5-4E33-AB4E-37C340A90D61}.Debug|ARM.Build.0 = Debug|x64
		{1B9296BF-3FE5-4E33-AB4E-37C340A90D61}.Debug|ARM64.ActiveCfg = Debug|x64
		{1B9296BF-3FE5-4E33-AB4E-37C340A90D61}.Debug|ARM64.Build.0 = Debug|x64
		{1B9296BF-3FE5-4E33-AB4E-37C340A90D61}.Debug|x64.ActiveCfg = Debug|x64
		{1B9296BF-3FE5-4E33-AB4E-37C340A90D61}.Debug|x64.Build.0 = Debug|x64
		{1B9296BF-3FE5-4E33-AB4E-37C340A90D61}.Debug|x86.ActiveCfg = Debug|Win32
		{1B9296BF-3FE5-4E33-AB4E-37C340A90D61}.Debug|x86.Build.0 = Debug|Win32
		{1B9296BF-3FE5-4E33-AB4E-37C340A90D61}.Release|Any CPU.ActiveCfg = Release|x64
		{1B9296BF-3FE5-4E33-AB4E-37C340A90D61}.Release|Any CPU.Build.0 = Release|x64
		{1B9296BF-3FE5-4E33-AB4E-37C340A90D61}.Release|ARM.ActiveCfg = Release|x64
		{1B9296BF-3FE5-4E33-AB4E-37C340A90D61}.Release|ARM.Build.0 = Release|x64
		{1B9296BF-3FE5-4E33-AB4E-37C340A90D61}.Release|ARM64.ActiveCfg = Release|x64
		{1B9296BF-3FE5-4E33-AB4E-37C340A90D61}.Release|ARM64.Build.0 = Release|x64
		{1B9296BF-3FE5-4E33-AB4E-37C340A90D61}.Release|x64.ActiveCfg = Release|x64
		{1B9296BF-3FE5-4E33-AB4E-37C340A90D61}.Release|x64.Build.0 = Release|x64
		{1B9296BF-3FE5-4E33-AB4E-37C340A90D61}.Release|x86.ActiveCfg = Release|Win32
		{1B9296BF-3FE5-4E33-AB4E-37C340A90D61}.Release|x86.Build.0 = Release|Win32
		{4B1EE6FE-381F-479C-A033-052736BCFE92}.Debug|Any CPU.ActiveCfg = Debug|x64
		{4B1EE6FE-381F-479C-A033-052736BCFE92}.Debug|Any CPU.Build.0 = Debug|x64
		{4B1EE6FE-381F-479C-A033-052736BCFE92}.Debug|Any CPU.Deploy.0 = Debug|x64
		{4B1EE6FE-381F-479C-A033-052736BCFE92}.Debug|ARM.ActiveCfg = Debug|ARM
		{4B1EE6FE-381F-479C-A033-052736BCFE92}.Debug|ARM.Build.0 = Debug|ARM
		{4B1EE6FE-381F-479C-A033-052736BCFE92}.Debug|ARM.Deploy.0 = Debug|ARM
		{4B1EE6FE-381F-479C-A033-052736BCFE92}.Debug|ARM64.ActiveCfg = Debug|ARM64
		{4B1EE6FE-381F-479C-A033-052736BCFE92}.Debug|ARM64.Build.0 = Debug|ARM64
		{4B1EE6FE-381F-479C-A033-052736BCFE92}.Debug|ARM64.Deploy.0 = Debug|ARM64
		{4B1EE6FE-381F-479C-A033-052736BCFE92}.Debug|x64.ActiveCfg = Debug|x64
		{4B1EE6FE-381F-479C-A033-052736BCFE92}.Debug|x64.Build.0 = Debug|x64
		{4B1EE6FE-381F-479C-A033-052736BCFE92}.Debug|x64.Deploy.0 = Debug|x64
		{4B1EE6FE-381F-479C-A033-052736BCFE92}.Debug|x86.ActiveCfg = Debug|x86
		{4B1EE6FE-381F-479C-A033-052736BCFE92}.Debug|x86.Build.0 = Debug|x86
		{4B1EE6FE-381F-479C-A033-052736BCFE92}.Debug|x86.Deploy.0 = Debug|x86
		{4B1EE6FE-381F-479C-A033-052736BCFE92}.Release|Any CPU.ActiveCfg = Release|x64
		{4B1EE6FE-381F-479C-A033-052736BCFE92}.Release|Any CPU.Build.0 = Release|x64
		{4B1EE6FE-381F-479C-A033-052736BCFE92}.Release|Any CPU.Deploy.0 = Release|x64
		{4B1EE6FE-381F-479C-A033-052736BCFE92}.Release|ARM.ActiveCfg = Release|ARM
		{4B1EE6FE-381F-479C-A033-052736BCFE92}.Release|ARM.Build.0 = Release|ARM
		{4B1EE6FE-381F-479C-A033-052736BCFE92}.Release|ARM.Deploy.0 = Release|ARM
		{4B1EE6FE-381F-479C-A033-052736BCFE92}.Release|ARM64.ActiveCfg = Release|ARM64
		{4B1EE6FE-381F-479C-A033-052736BCFE92}.Release|ARM64.Build.0 = Release|ARM64
		{4B1EE6FE-381F-479C-A033-052736BCFE92}.Release|ARM64.Deploy.0 = Release|ARM64
		{4B1EE6FE-381F-479C-A033-052736BCFE92}.Release|x64.ActiveCfg = Release|x64
		{4B1EE6FE-381F-479C-A033-052736BCFE92}.Release|x64.Build.0 = Release|x64
		{4B1EE6FE-381F-479C-A033-052736BCFE92}.Release|x64.Deploy.0 = Release|x64
		{4B1EE6FE-381F-479C-A033-052736BCFE92}.Release|x86.ActiveCfg = Release|x86
		{4B1EE6FE-381F-479C-A033-052736BCFE92}.Release|x86.Build.0 = Release|x86
		{4B1EE6FE-381F-479C-A033-052736BCFE92}.Release|x86.Deploy.0 = Release|x86
	EndGlobalSection
	GlobalSection(SolutionProperties) = preSolution
		HideSolutionNode = FALSE
	EndGlobalSection
	GlobalSection(NestedProjects) = preSolution
		{487232F7-92E1-43F6-89AE-DF17E2BDCF74} = {6C44944D-F93A-4DD2-9E30-AEC17D2B03D6}
		{1B9296BF-3FE5-4E33-AB4E-37C340A90D61} = {6C44944D-F93A-4DD2-9E30-AEC17D2B03D6}
		{4B1EE6FE-381F-479C-A033-052736BCFE92} = {4977EB3F-17FA-4556-9995-ED846150BC96}
	EndGlobalSection
	GlobalSection(ExtensibilityGlobals) = postSolution
		SolutionGuid = {8FBCCA4F-9220-46F9-A92D-4D75A441CA53}
	EndGlobalSection
EndGlobal
