
Microsoft Visual Studio Solution File, Format Version 12.00
# Visual Studio Version 17
VisualStudioVersion = 17.9.34728.123
MinimumVisualStudioVersion = 10.0.40219.1
Project("{8BC9CEB8-8B4A-11D0-8D11-00A0C91BC942}") = "OGLEngine", "OGLEngine\OGLEngine.vcxproj", "{9E9CC5F1-2E1F-4134-92E1-C9A39CCC3032}"
EndProject
Project("{8BC9CEB8-8B4A-11D0-8D11-00A0C91BC942}") = "Interpreter1", "Interpreter1\Interpreter1.vcxproj", "{71DCCF45-1A39-4375-9C7F-37F15B47352B}"
EndProject
Project("{8BC9CEB8-8B4A-11D0-8D11-00A0C91BC942}") = "Networking", "Networking\Networking.vcxproj", "{788C4452-0176-4A06-9C58-E3C245D58C01}"
EndProject
Project("{8BC9CEB8-8B4A-11D0-8D11-00A0C91BC942}") = "VoxelGame-Desktop-Server", "VoxelGame\VoxelGame-Desktop-Server\VoxelGame-Desktop-Server.vcxproj", "{1B9296BF-3FE5-4E33-AB4E-37C340A90D61}"
EndProject
Project("{2150E333-8FDC-42A3-9474-1A3956D46DE8}") = "VoxelGame", "VoxelGame", "{6C44944D-F93A-4DD2-9E30-AEC17D2B03D6}"
EndProject
Project("{8BC9CEB8-8B4A-11D0-8D11-00A0C91BC942}") = "VoxelGame-Desktop-Client", "VoxelGame\VoxelGame-Desktop-Client\VoxelGame-Desktop-Client.vcxproj", "{937DFA12-4945-4A79-9AB6-FB68B07DED39}"
EndProject
Project("{2150E333-8FDC-42A3-9474-1A3956D46DE8}") = "MiasmaMacabre", "MiasmaMacabre", "{2C243639-2088-4089-B49C-F2197FA68D3E}"
	ProjectSection(SolutionItems) = preProject
		MiasmaMacabre\MiasmaMacabre-Desktop-Client\res\Info.txt = MiasmaMacabre\MiasmaMacabre-Desktop-Client\res\Info.txt
	EndProjectSection
EndProject
Project("{8BC9CEB8-8B4A-11D0-8D11-00A0C91BC942}") = "MiasmaMacabre-Desktop-Client", "MiasmaMacabre\MiasmaMacabre-Desktop-Client\MiasmaMacabre-Desktop-Client.vcxproj", "{C582CB1F-12E7-4C52-B221-258052BEACFF}"
EndProject
Project("{2150E333-8FDC-42A3-9474-1A3956D46DE8}") = "Hazel", "Hazel", "{BE0996EE-B286-49DA-A388-EB6521E264F5}"
EndProject
Project("{8BC9CEB8-8B4A-11D0-8D11-00A0C91BC942}") = "Hazel", "Hazel\Hazel\Hazel.vcxproj", "{35992080-87A6-4B3B-85D5-9F7367DC5547}"
EndProject
Project("{8BC9CEB8-8B4A-11D0-8D11-00A0C91BC942}") = "Sandbox", "Hazel\Sandbox\Sandbox.vcxproj", "{E16C9453-38C7-4370-8BE9-C24109872C1C}"
EndProject
Project("{2150E333-8FDC-42A3-9474-1A3956D46DE8}") = "ProjectTemplates", "ProjectTemplates", "{E56F1717-6A50-47C4-A02A-29694A2B8180}"
EndProject
Global
	GlobalSection(SolutionConfigurationPlatforms) = preSolution
		Debug|Any CPU = Debug|Any CPU
		Debug|x64 = Debug|x64
		Release|Any CPU = Release|Any CPU
		Release|x64 = Release|x64
	EndGlobalSection
	GlobalSection(ProjectConfigurationPlatforms) = postSolution
		{9E9CC5F1-2E1F-4134-92E1-C9A39CCC3032}.Debug|Any CPU.ActiveCfg = Debug|x64
		{9E9CC5F1-2E1F-4134-92E1-C9A39CCC3032}.Debug|Any CPU.Build.0 = Debug|x64
		{9E9CC5F1-2E1F-4134-92E1-C9A39CCC3032}.Debug|x64.ActiveCfg = Debug|x64
		{9E9CC5F1-2E1F-4134-92E1-C9A39CCC3032}.Debug|x64.Build.0 = Debug|x64
		{9E9CC5F1-2E1F-4134-92E1-C9A39CCC3032}.Release|Any CPU.ActiveCfg = Release|x64
		{9E9CC5F1-2E1F-4134-92E1-C9A39CCC3032}.Release|Any CPU.Build.0 = Release|x64
		{9E9CC5F1-2E1F-4134-92E1-C9A39CCC3032}.Release|x64.ActiveCfg = Release|x64
		{9E9CC5F1-2E1F-4134-92E1-C9A39CCC3032}.Release|x64.Build.0 = Release|x64
		{71DCCF45-1A39-4375-9C7F-37F15B47352B}.Debug|Any CPU.ActiveCfg = Debug|x64
		{71DCCF45-1A39-4375-9C7F-37F15B47352B}.Debug|Any CPU.Build.0 = Debug|x64
		{71DCCF45-1A39-4375-9C7F-37F15B47352B}.Debug|x64.ActiveCfg = Debug|x64
		{71DCCF45-1A39-4375-9C7F-37F15B47352B}.Debug|x64.Build.0 = Debug|x64
		{71DCCF45-1A39-4375-9C7F-37F15B47352B}.Release|Any CPU.ActiveCfg = Release|x64
		{71DCCF45-1A39-4375-9C7F-37F15B47352B}.Release|Any CPU.Build.0 = Release|x64
		{71DCCF45-1A39-4375-9C7F-37F15B47352B}.Release|x64.ActiveCfg = Release|x64
		{71DCCF45-1A39-4375-9C7F-37F15B47352B}.Release|x64.Build.0 = Release|x64
		{788C4452-0176-4A06-9C58-E3C245D58C01}.Debug|Any CPU.ActiveCfg = Debug|x64
		{788C4452-0176-4A06-9C58-E3C245D58C01}.Debug|Any CPU.Build.0 = Debug|x64
		{788C4452-0176-4A06-9C58-E3C245D58C01}.Debug|x64.ActiveCfg = Debug|x64
		{788C4452-0176-4A06-9C58-E3C245D58C01}.Debug|x64.Build.0 = Debug|x64
		{788C4452-0176-4A06-9C58-E3C245D58C01}.Release|Any CPU.ActiveCfg = Release|x64
		{788C4452-0176-4A06-9C58-E3C245D58C01}.Release|Any CPU.Build.0 = Release|x64
		{788C4452-0176-4A06-9C58-E3C245D58C01}.Release|x64.ActiveCfg = Release|x64
		{788C4452-0176-4A06-9C58-E3C245D58C01}.Release|x64.Build.0 = Release|x64
		{1B9296BF-3FE5-4E33-AB4E-37C340A90D61}.Debug|Any CPU.ActiveCfg = Debug|x64
		{1B9296BF-3FE5-4E33-AB4E-37C340A90D61}.Debug|Any CPU.Build.0 = Debug|x64
		{1B9296BF-3FE5-4E33-AB4E-37C340A90D61}.Debug|x64.ActiveCfg = Debug|x64
		{1B9296BF-3FE5-4E33-AB4E-37C340A90D61}.Debug|x64.Build.0 = Debug|x64
		{1B9296BF-3FE5-4E33-AB4E-37C340A90D61}.Release|Any CPU.ActiveCfg = Release|x64
		{1B9296BF-3FE5-4E33-AB4E-37C340A90D61}.Release|Any CPU.Build.0 = Release|x64
		{1B9296BF-3FE5-4E33-AB4E-37C340A90D61}.Release|x64.ActiveCfg = Release|x64
		{1B9296BF-3FE5-4E33-AB4E-37C340A90D61}.Release|x64.Build.0 = Release|x64
		{937DFA12-4945-4A79-9AB6-FB68B07DED39}.Debug|Any CPU.ActiveCfg = Debug|x64
		{937DFA12-4945-4A79-9AB6-FB68B07DED39}.Debug|Any CPU.Build.0 = Debug|x64
		{937DFA12-4945-4A79-9AB6-FB68B07DED39}.Debug|x64.ActiveCfg = Debug|x64
		{937DFA12-4945-4A79-9AB6-FB68B07DED39}.Debug|x64.Build.0 = Debug|x64
		{937DFA12-4945-4A79-9AB6-FB68B07DED39}.Release|Any CPU.ActiveCfg = Release|x64
		{937DFA12-4945-4A79-9AB6-FB68B07DED39}.Release|Any CPU.Build.0 = Release|x64
		{937DFA12-4945-4A79-9AB6-FB68B07DED39}.Release|x64.ActiveCfg = Release|x64
		{937DFA12-4945-4A79-9AB6-FB68B07DED39}.Release|x64.Build.0 = Release|x64
		{C582CB1F-12E7-4C52-B221-258052BEACFF}.Debug|Any CPU.ActiveCfg = Debug|x64
		{C582CB1F-12E7-4C52-B221-258052BEACFF}.Debug|Any CPU.Build.0 = Debug|x64
		{C582CB1F-12E7-4C52-B221-258052BEACFF}.Debug|x64.ActiveCfg = Debug|x64
		{C582CB1F-12E7-4C52-B221-258052BEACFF}.Debug|x64.Build.0 = Debug|x64
		{C582CB1F-12E7-4C52-B221-258052BEACFF}.Release|Any CPU.ActiveCfg = Release|x64
		{C582CB1F-12E7-4C52-B221-258052BEACFF}.Release|Any CPU.Build.0 = Release|x64
		{C582CB1F-12E7-4C52-B221-258052BEACFF}.Release|x64.ActiveCfg = Release|x64
		{C582CB1F-12E7-4C52-B221-258052BEACFF}.Release|x64.Build.0 = Release|x64
		{35992080-87A6-4B3B-85D5-9F7367DC5547}.Debug|Any CPU.ActiveCfg = Debug|x64
		{35992080-87A6-4B3B-85D5-9F7367DC5547}.Debug|Any CPU.Build.0 = Debug|x64
		{35992080-87A6-4B3B-85D5-9F7367DC5547}.Debug|x64.ActiveCfg = Debug|x64
		{35992080-87A6-4B3B-85D5-9F7367DC5547}.Debug|x64.Build.0 = Debug|x64
		{35992080-87A6-4B3B-85D5-9F7367DC5547}.Release|Any CPU.ActiveCfg = Release|x64
		{35992080-87A6-4B3B-85D5-9F7367DC5547}.Release|Any CPU.Build.0 = Release|x64
		{35992080-87A6-4B3B-85D5-9F7367DC5547}.Release|x64.ActiveCfg = Release|x64
		{35992080-87A6-4B3B-85D5-9F7367DC5547}.Release|x64.Build.0 = Release|x64
		{E16C9453-38C7-4370-8BE9-C24109872C1C}.Debug|Any CPU.ActiveCfg = Debug|x64
		{E16C9453-38C7-4370-8BE9-C24109872C1C}.Debug|Any CPU.Build.0 = Debug|x64
		{E16C9453-38C7-4370-8BE9-C24109872C1C}.Debug|x64.ActiveCfg = Debug|x64
		{E16C9453-38C7-4370-8BE9-C24109872C1C}.Debug|x64.Build.0 = Debug|x64
		{E16C9453-38C7-4370-8BE9-C24109872C1C}.Release|Any CPU.ActiveCfg = Release|x64
		{E16C9453-38C7-4370-8BE9-C24109872C1C}.Release|Any CPU.Build.0 = Release|x64
		{E16C9453-38C7-4370-8BE9-C24109872C1C}.Release|x64.ActiveCfg = Release|x64
		{E16C9453-38C7-4370-8BE9-C24109872C1C}.Release|x64.Build.0 = Release|x64
	EndGlobalSection
	GlobalSection(SolutionProperties) = preSolution
		HideSolutionNode = FALSE
	EndGlobalSection
	GlobalSection(NestedProjects) = preSolution
		{1B9296BF-3FE5-4E33-AB4E-37C340A90D61} = {6C44944D-F93A-4DD2-9E30-AEC17D2B03D6}
		{937DFA12-4945-4A79-9AB6-FB68B07DED39} = {6C44944D-F93A-4DD2-9E30-AEC17D2B03D6}
		{C582CB1F-12E7-4C52-B221-258052BEACFF} = {2C243639-2088-4089-B49C-F2197FA68D3E}
		{35992080-87A6-4B3B-85D5-9F7367DC5547} = {BE0996EE-B286-49DA-A388-EB6521E264F5}
		{E16C9453-38C7-4370-8BE9-C24109872C1C} = {BE0996EE-B286-49DA-A388-EB6521E264F5}
	EndGlobalSection
	GlobalSection(ExtensibilityGlobals) = postSolution
		SolutionGuid = {8FBCCA4F-9220-46F9-A92D-4D75A441CA53}
	EndGlobalSection
EndGlobal
